{
  "requires": true,
  "lockfileVersion": 1,
  "dependencies": {
    "netlify-cms-responsive-youtube-editor-widget": {
      "version": "1.0.1",
      "resolved": "https://registry.npmjs.org/netlify-cms-responsive-youtube-editor-widget/-/netlify-cms-responsive-youtube-editor-widget-1.0.1.tgz",
      "integrity": "sha512-9ihr2b8A1f9q3zFn8aHBSVIouspNM5Eln0yckSR5ZetUFOiFBBdr22RvqjJm1Mjrzgi098OuCI/zPqVprFIV4A=="
    }
  }
}
